
Microsoft Visual Studio Solution File, Format Version 12.00
# Visual Studio Version 17
VisualStudioVersion = 17.11.35312.102
MinimumVisualStudioVersion = 10.0.40219.1
Project("{FAE04EC0-301F-11D3-BF4B-00C04F79EFBC}") = "Readify", "Readify\Readify.csproj", "{49BAB437-F0B0-43E9-AB00-9F91C9E16E19}"
EndProject
Global
	GlobalSection(SolutionConfigurationPlatforms) = preSolution
		Debug|Any CPU = Debug|Any CPU
		Release|Any CPU = Release|Any CPU
	EndGlobalSection
	GlobalSection(ProjectConfigurationPlatforms) = postSolution
		{49BAB437-F0B0-43E9-AB00-9F91C9E16E19}.Debug|Any CPU.ActiveCfg = Debug|Any CPU
		{49BAB437-F0B0-43E9-AB00-9F91C9E16E19}.Debug|Any CPU.Build.0 = Debug|Any CPU
		{49BAB437-F0B0-43E9-AB00-9F91C9E16E19}.Release|Any CPU.ActiveCfg = Release|Any CPU
		{49BAB437-F0B0-43E9-AB00-9F91C9E16E19}.Release|Any CPU.Build.0 = Release|Any CPU
	EndGlobalSection
	GlobalSection(SolutionProperties) = preSolution
		HideSolutionNode = FALSE
	EndGlobalSection
	GlobalSection(ExtensibilityGlobals) = postSolution
		SolutionGuid = {0435FDEA-B7CA-4F12-9EEA-FF0AB77CC75F}
	EndGlobalSection
EndGlobal
